
Microsoft Visual Studio Solution File, Format Version 12.00
# Visual Studio Version 17
VisualStudioVersion = 17.6.33927.249
MinimumVisualStudioVersion = 10.0.40219.1
Project("{2150E333-8FDC-42A3-9474-1A3956D46DE8}") = "Solution Items", "Solution Items", "{08C2C390-83C7-479B-9146-3C61642CE4C5}"
	ProjectSection(SolutionItems) = preProject
		.editorconfig = .editorconfig
	EndProjectSection
EndProject
Project("{2150E333-8FDC-42A3-9474-1A3956D46DE8}") = "src", "src", "{E3CFEC39-BF9F-402C-8AB2-2C0C6B46415E}"
EndProject
Project("{2150E333-8FDC-42A3-9474-1A3956D46DE8}") = "Services", "Services", "{373D2E2A-D24A-4ADD-B754-ED06804D17A0}"
EndProject
Project("{2150E333-8FDC-42A3-9474-1A3956D46DE8}") = "Identity", "Identity", "{60F50EDB-6EFA-4C3F-8D43-9DE6AD4A8DB9}"
EndProject
Project("{2150E333-8FDC-42A3-9474-1A3956D46DE8}") = "Book", "Book", "{95AF2A4F-0983-4957-964E-D230C8CC8418}"
EndProject
Project("{FAE04EC0-301F-11D3-BF4B-00C04F79EFBC}") = "Identity.API", "Services\Identity\Identity.API\Identity.API.csproj", "{B5B4059C-B75F-4A74-ABF3-C277B7B41FCC}"
EndProject
Project("{FAE04EC0-301F-11D3-BF4B-00C04F79EFBC}") = "Book.Domain", "Services\Book\Book.Domain\Book.Domain.csproj", "{DE53A513-CE84-4365-9680-019869C31D2F}"
EndProject
Project("{2150E333-8FDC-42A3-9474-1A3956D46DE8}") = "tests", "tests", "{49E1991C-3E01-4977-92FB-8CF6F5F5B58F}"
EndProject
Project("{FAE04EC0-301F-11D3-BF4B-00C04F79EFBC}") = "Book.UnitTests", "Services\Book\Book.UnitTests\Book.UnitTests.csproj", "{2A203FB6-0E29-421A-A46C-4DBD496C2952}"
EndProject
Project("{FAE04EC0-301F-11D3-BF4B-00C04F79EFBC}") = "Book.Application", "Services\Book\Book.Application\Book.Application.csproj", "{2A18EE3E-82C9-44BF-BB2B-C348F590BA62}"
EndProject
Global
	GlobalSection(SolutionConfigurationPlatforms) = preSolution
		Debug|Any CPU = Debug|Any CPU
		Release|Any CPU = Release|Any CPU
	EndGlobalSection
	GlobalSection(ProjectConfigurationPlatforms) = postSolution
		{B5B4059C-B75F-4A74-ABF3-C277B7B41FCC}.Debug|Any CPU.ActiveCfg = Debug|Any CPU
		{B5B4059C-B75F-4A74-ABF3-C277B7B41FCC}.Debug|Any CPU.Build.0 = Debug|Any CPU
		{B5B4059C-B75F-4A74-ABF3-C277B7B41FCC}.Release|Any CPU.ActiveCfg = Release|Any CPU
		{B5B4059C-B75F-4A74-ABF3-C277B7B41FCC}.Release|Any CPU.Build.0 = Release|Any CPU
		{DE53A513-CE84-4365-9680-019869C31D2F}.Debug|Any CPU.ActiveCfg = Debug|Any CPU
		{DE53A513-CE84-4365-9680-019869C31D2F}.Debug|Any CPU.Build.0 = Debug|Any CPU
		{DE53A513-CE84-4365-9680-019869C31D2F}.Release|Any CPU.ActiveCfg = Release|Any CPU
		{DE53A513-CE84-4365-9680-019869C31D2F}.Release|Any CPU.Build.0 = Release|Any CPU
		{2A203FB6-0E29-421A-A46C-4DBD496C2952}.Debug|Any CPU.ActiveCfg = Debug|Any CPU
		{2A203FB6-0E29-421A-A46C-4DBD496C2952}.Debug|Any CPU.Build.0 = Debug|Any CPU
		{2A203FB6-0E29-421A-A46C-4DBD496C2952}.Release|Any CPU.ActiveCfg = Release|Any CPU
		{2A203FB6-0E29-421A-A46C-4DBD496C2952}.Release|Any CPU.Build.0 = Release|Any CPU
		{2A18EE3E-82C9-44BF-BB2B-C348F590BA62}.Debug|Any CPU.ActiveCfg = Debug|Any CPU
		{2A18EE3E-82C9-44BF-BB2B-C348F590BA62}.Debug|Any CPU.Build.0 = Debug|Any CPU
		{2A18EE3E-82C9-44BF-BB2B-C348F590BA62}.Release|Any CPU.ActiveCfg = Release|Any CPU
		{2A18EE3E-82C9-44BF-BB2B-C348F590BA62}.Release|Any CPU.Build.0 = Release|Any CPU
	EndGlobalSection
	GlobalSection(SolutionProperties) = preSolution
		HideSolutionNode = FALSE
	EndGlobalSection
	GlobalSection(NestedProjects) = preSolution
		{373D2E2A-D24A-4ADD-B754-ED06804D17A0} = {E3CFEC39-BF9F-402C-8AB2-2C0C6B46415E}
		{60F50EDB-6EFA-4C3F-8D43-9DE6AD4A8DB9} = {373D2E2A-D24A-4ADD-B754-ED06804D17A0}
		{95AF2A4F-0983-4957-964E-D230C8CC8418} = {373D2E2A-D24A-4ADD-B754-ED06804D17A0}
		{B5B4059C-B75F-4A74-ABF3-C277B7B41FCC} = {60F50EDB-6EFA-4C3F-8D43-9DE6AD4A8DB9}
		{DE53A513-CE84-4365-9680-019869C31D2F} = {95AF2A4F-0983-4957-964E-D230C8CC8418}
		{49E1991C-3E01-4977-92FB-8CF6F5F5B58F} = {95AF2A4F-0983-4957-964E-D230C8CC8418}
		{2A203FB6-0E29-421A-A46C-4DBD496C2952} = {49E1991C-3E01-4977-92FB-8CF6F5F5B58F}
		{2A18EE3E-82C9-44BF-BB2B-C348F590BA62} = {95AF2A4F-0983-4957-964E-D230C8CC8418}
	EndGlobalSection
	GlobalSection(ExtensibilityGlobals) = postSolution
		SolutionGuid = {E9785C56-0A16-4CE6-B243-06264B0124F8}
	EndGlobalSection
EndGlobal
